# This file is automatically @generated by Cargo.
# It is not intended for manual editing.
version = 3

[[package]]
name = "fix_elf"
version = "0.0.0"

[[package]]
name = "libc"
version = "0.2.149"
source = "registry+https://github.com/rust-lang/crates.io-index"
checksum = "a08173bc88b7955d1b3145aa561539096c421ac8debde8cbc3612ec635fee29b"

[[package]]
name = "proc-macro2"
version = "1.0.69"
source = "registry+https://github.com/rust-lang/crates.io-index"
checksum = "134c189feb4956b20f6f547d2cf727d4c0fe06722b20a0eec87ed445a97f92da"
dependencies = [
 "unicode-ident",
]

[[package]]
name = "quote"
version = "1.0.33"
source = "registry+https://github.com/rust-lang/crates.io-index"
checksum = "5267fca4496028628a95160fc423a33e8b2e6af8a5302579e322e4b520293cae"
dependencies = [
 "proc-macro2",
]

[[package]]
name = "syn"
version = "2.0.38"
source = "registry+https://github.com/rust-lang/crates.io-index"
checksum = "e96b79aaa137db8f61e26363a0c9b47d8b4ec75da28b7d1d614c2303e232408b"
dependencies = [
 "proc-macro2",
 "quote",
 "unicode-ident",
]

[[package]]
name = "udi"
version = "0.1.0"
dependencies = [
 "udi-sys",
 "udi_macros",
]

[[package]]
name = "udi-environment"
version = "0.0.0"
dependencies = [
 "libc",
 "udi",
 "udi-net_ne2000",
 "udi_macros",
 "udiprops_parse",
]

[[package]]
name = "udi-net_ne2000"
version = "0.0.0"
dependencies = [
 "udi",
 "udiprops_parse",
]

[[package]]
name = "udi-sys"
version = "0.1.0"

[[package]]
name = "udi_macros"
version = "0.1.0"
dependencies = [
 "quote",
 "syn",
 "udiprops_parse",
]

[[package]]
name = "udiprops_parse"
version = "0.0.1"
dependencies = [
 "udi-sys",
]

[[package]]
name = "unicode-ident"
version = "1.0.12"
source = "registry+https://github.com/rust-lang/crates.io-index"
checksum = "3354b9ac3fae1ff6755cb6db53683adb661634f67557942dea4facebec0fee4b"
